# This file is autogenerated, do not edit; changes may be undone by the next 'dep ensure'.


[[projects]]
  branch = "master"
  name = "github.com/bouk/monkey"
  packages = ["."]
  revision = "5df1f207ff77e025801505ae4d903133a0b4353f"

[[projects]]
  branch = "master"
  name = "github.com/hlts2/lock-free"
  packages = ["."]
  revision = "9fee55c74b9bd94ac0607879d406b46dba21a3bd"

[[projects]]
  name = "github.com/patrickmn/go-cache"
  packages = ["."]
  revision = "a3647f8e31d79543b2d0f0ae2fe5c379d72cedc0"
  version = "v2.1.0"

[solve-meta]
  analyzer-name = "dep"
  analyzer-version = 1
  inputs-digest = "1e070c0959664ba052904a546887f0a43ea9b2c092ea8eabc308e2d297b00788"
  solver-name = "gps-cdcl"
  solver-version = 1
