# This file is autogenerated, do not edit; changes may be undone by the next 'dep ensure'.


[[projects]]
  name = "github.com/allegro/bigcache"
  packages = [".","queue"]
  revision = "f31987a23e44c5121ef8c8b2f2ea2e8ffa37b068"
  version = "v1.1.0"

[[projects]]
  branch = "master"
  name = "github.com/bluele/gcache"
  packages = ["."]
  revision = "472614239ac7e5bc6461e237c798a6ebd5aff8c1"

[[projects]]
  name = "github.com/bouk/monkey"
  packages = ["."]
  revision = "bdf6dea004c6fd1cdf4b25da8ad45a606c09409a"
  version = "v1.0.1"

[[projects]]
  branch = "master"
  name = "github.com/kpango/gache"
  packages = ["."]
  revision = "4f288eba7299ce744bb638cdb34aadf767b5d3cf"

[[projects]]
  name = "github.com/patrickmn/go-cache"
  packages = ["."]
  revision = "a3647f8e31d79543b2d0f0ae2fe5c379d72cedc0"
  version = "v2.1.0"

[solve-meta]
  analyzer-name = "dep"
  analyzer-version = 1
  inputs-digest = "24719412b69379a8b9010f695325586950f878fccee8f305a83102a7c0b092c8"
  solver-name = "gps-cdcl"
  solver-version = 1
