# This file is autogenerated, do not edit; changes may be undone by the next 'dep ensure'.


[[projects]]
  name = "github.com/allegro/bigcache"
  packages = [".","queue"]
  revision = "f31987a23e44c5121ef8c8b2f2ea2e8ffa37b068"
  version = "v1.1.0"

[[projects]]
  branch = "master"
  name = "github.com/bluele/gcache"
  packages = ["."]
  revision = "472614239ac7e5bc6461e237c798a6ebd5aff8c1"

[[projects]]
  name = "github.com/bouk/monkey"
  packages = ["."]
  revision = "bdf6dea004c6fd1cdf4b25da8ad45a606c09409a"
  version = "v1.0.1"

[[projects]]
  name = "github.com/cespare/xxhash"
  packages = ["."]
  revision = "569f7c8abf1f58d9043ab804d364483cb1c853b6"
  version = "v1.1.0"

[[projects]]
  name = "github.com/kpango/fastime"
  packages = ["."]
  revision = "99db776395cbef3dee29d674db887ef1b9690a05"
  version = "v1.0.0"

[[projects]]
  name = "github.com/kpango/gache"
  packages = ["."]
  revision = "a696f494ea4c262355ec742c5a5c1182b859e0d0"
  version = "v1.1.0"

[[projects]]
  name = "github.com/patrickmn/go-cache"
  packages = ["."]
  revision = "a3647f8e31d79543b2d0f0ae2fe5c379d72cedc0"
  version = "v2.1.0"

[[projects]]
  branch = "master"
  name = "golang.org/x/sync"
  packages = ["singleflight"]
  revision = "42b317875d0fa942474b76e1b46a6060d720ae6e"

[solve-meta]
  analyzer-name = "dep"
  analyzer-version = 1
  inputs-digest = "93a439d96bda19ef5feab686f12d3bf0157a1d4acd3481c52813e0712d1bafb6"
  solver-name = "gps-cdcl"
  solver-version = 1
